// !$*UTF8*$!
{
	archiveVersion = 1;
	classes = {
	};
	objectVersion = 50;
	objects = {

/* Begin PBXBuildFile section */
		5B662BCC0AF27D6CE63944F9 /* Pods_DataLayer.framework in Frameworks */ = {isa = PBXBuildFile; fileRef = 0A5894CB3D28A9BCAD45826C /* Pods_DataLayer.framework */; };
		9BB341422224299B00D2F98B /* RepositoryModule.swift in Sources */ = {isa = PBXBuildFile; fileRef = 9BB341412224299B00D2F98B /* RepositoryModule.swift */; };
		B1F3D8432221B6F900E564A1 /* DataLayer.framework in Frameworks */ = {isa = PBXBuildFile; fileRef = B1F3D8392221B6F900E564A1 /* DataLayer.framework */; };
		B1F3D8482221B6F900E564A1 /* DataLayerTests.swift in Sources */ = {isa = PBXBuildFile; fileRef = B1F3D8472221B6F900E564A1 /* DataLayerTests.swift */; };
		B1F3D84A2221B6F900E564A1 /* DataLayer.h in Headers */ = {isa = PBXBuildFile; fileRef = B1F3D83C2221B6F900E564A1 /* DataLayer.h */; settings = {ATTRIBUTES = (Public, ); }; };
		B1F3D85A2221B90B00E564A1 /* CoreLayer.framework in Frameworks */ = {isa = PBXBuildFile; fileRef = B1F3D8592221B90B00E564A1 /* CoreLayer.framework */; };
		B1F3D8682221BB2C00E564A1 /* MockedHeroesRepository.swift in Sources */ = {isa = PBXBuildFile; fileRef = B1F3D8672221BB2C00E564A1 /* MockedHeroesRepository.swift */; };
/* End PBXBuildFile section */

/* Begin PBXContainerItemProxy section */
		B1F3D8442221B6F900E564A1 /* PBXContainerItemProxy */ = {
			isa = PBXContainerItemProxy;
			containerPortal = B1F3D8302221B6F900E564A1 /* Project object */;
			proxyType = 1;
			remoteGlobalIDString = B1F3D8382221B6F900E564A1;
			remoteInfo = DataLayer;
		};
/* End PBXContainerItemProxy section */

/* Begin PBXFileReference section */
		0A5894CB3D28A9BCAD45826C /* Pods_DataLayer.framework */ = {isa = PBXFileReference; explicitFileType = wrapper.framework; includeInIndex = 0; path = Pods_DataLayer.framework; sourceTree = BUILT_PRODUCTS_DIR; };
		33994F00AA90EF6455A4DAC3 /* Pods-DataLayer.debug.xcconfig */ = {isa = PBXFileReference; includeInIndex = 1; lastKnownFileType = text.xcconfig; name = "Pods-DataLayer.debug.xcconfig"; path = "Target Support Files/Pods-DataLayer/Pods-DataLayer.debug.xcconfig"; sourceTree = "<group>"; };
		9BB341412224299B00D2F98B /* RepositoryModule.swift */ = {isa = PBXFileReference; lastKnownFileType = sourcecode.swift; path = RepositoryModule.swift; sourceTree = "<group>"; };
		B1F3D8392221B6F900E564A1 /* DataLayer.framework */ = {isa = PBXFileReference; explicitFileType = wrapper.framework; includeInIndex = 0; path = DataLayer.framework; sourceTree = BUILT_PRODUCTS_DIR; };
		B1F3D83C2221B6F900E564A1 /* DataLayer.h */ = {isa = PBXFileReference; lastKnownFileType = sourcecode.c.h; path = DataLayer.h; sourceTree = "<group>"; };
		B1F3D83D2221B6F900E564A1 /* Info.plist */ = {isa = PBXFileReference; lastKnownFileType = text.plist.xml; path = Info.plist; sourceTree = "<group>"; };
		B1F3D8422221B6F900E564A1 /* DataLayerTests.xctest */ = {isa = PBXFileReference; explicitFileType = wrapper.cfbundle; includeInIndex = 0; path = DataLayerTests.xctest; sourceTree = BUILT_PRODUCTS_DIR; };
		B1F3D8472221B6F900E564A1 /* DataLayerTests.swift */ = {isa = PBXFileReference; lastKnownFileType = sourcecode.swift; path = DataLayerTests.swift; sourceTree = "<group>"; };
		B1F3D8492221B6F900E564A1 /* Info.plist */ = {isa = PBXFileReference; lastKnownFileType = text.plist.xml; path = Info.plist; sourceTree = "<group>"; };
		B1F3D8592221B90B00E564A1 /* CoreLayer.framework */ = {isa = PBXFileReference; explicitFileType = wrapper.framework; path = CoreLayer.framework; sourceTree = BUILT_PRODUCTS_DIR; };
		B1F3D8672221BB2C00E564A1 /* MockedHeroesRepository.swift */ = {isa = PBXFileReference; lastKnownFileType = sourcecode.swift; path = MockedHeroesRepository.swift; sourceTree = "<group>"; };
		B41CDF069DCB416BB7381EE4 /* Pods-DataLayer.release.xcconfig */ = {isa = PBXFileReference; includeInIndex = 1; lastKnownFileType = text.xcconfig; name = "Pods-DataLayer.release.xcconfig"; path = "Target Support Files/Pods-DataLayer/Pods-DataLayer.release.xcconfig"; sourceTree = "<group>"; };
/* End PBXFileReference section */

/* Begin PBXFrameworksBuildPhase section */
		B1F3D8362221B6F900E564A1 /* Frameworks */ = {
			isa = PBXFrameworksBuildPhase;
			buildActionMask = 2147483647;
			files = (
				B1F3D85A2221B90B00E564A1 /* CoreLayer.framework in Frameworks */,
				5B662BCC0AF27D6CE63944F9 /* Pods_DataLayer.framework in Frameworks */,
			);
			runOnlyForDeploymentPostprocessing = 0;
		};
		B1F3D83F2221B6F900E564A1 /* Frameworks */ = {
			isa = PBXFrameworksBuildPhase;
			buildActionMask = 2147483647;
			files = (
				B1F3D8432221B6F900E564A1 /* DataLayer.framework in Frameworks */,
			);
			runOnlyForDeploymentPostprocessing = 0;
		};
/* End PBXFrameworksBuildPhase section */

/* Begin PBXGroup section */
		9BB341402224298B00D2F98B /* di */ = {
			isa = PBXGroup;
			children = (
				9BB341412224299B00D2F98B /* RepositoryModule.swift */,
			);
			path = di;
			sourceTree = "<group>";
		};
		B1F3D82F2221B6F900E564A1 = {
			isa = PBXGroup;
			children = (
				B1F3D83B2221B6F900E564A1 /* DataLayer */,
				B1F3D8462221B6F900E564A1 /* DataLayerTests */,
				B1F3D8582221B90B00E564A1 /* Frameworks */,
				B1F3D83A2221B6F900E564A1 /* Products */,
				F93118F1E0AE7414CA40B04D /* Pods */,
			);
			sourceTree = "<group>";
		};
		B1F3D83A2221B6F900E564A1 /* Products */ = {
			isa = PBXGroup;
			children = (
				B1F3D8392221B6F900E564A1 /* DataLayer.framework */,
				B1F3D8422221B6F900E564A1 /* DataLayerTests.xctest */,
			);
			name = Products;
			sourceTree = "<group>";
		};
		B1F3D83B2221B6F900E564A1 /* DataLayer */ = {
			isa = PBXGroup;
			children = (
				9BB341402224298B00D2F98B /* di */,
				B1F3D8662221BB1B00E564A1 /* Repositories */,
				B1F3D83C2221B6F900E564A1 /* DataLayer.h */,
				B1F3D83D2221B6F900E564A1 /* Info.plist */,
			);
			path = DataLayer;
			sourceTree = "<group>";
		};
		B1F3D8462221B6F900E564A1 /* DataLayerTests */ = {
			isa = PBXGroup;
			children = (
				B1F3D8472221B6F900E564A1 /* DataLayerTests.swift */,
				B1F3D8492221B6F900E564A1 /* Info.plist */,
			);
			path = DataLayerTests;
			sourceTree = "<group>";
		};
		B1F3D8582221B90B00E564A1 /* Frameworks */ = {
			isa = PBXGroup;
			children = (
				B1F3D8592221B90B00E564A1 /* CoreLayer.framework */,
				0A5894CB3D28A9BCAD45826C /* Pods_DataLayer.framework */,
			);
			name = Frameworks;
			sourceTree = "<group>";
		};
		B1F3D8662221BB1B00E564A1 /* Repositories */ = {
			isa = PBXGroup;
			children = (
				B1F3D8672221BB2C00E564A1 /* MockedHeroesRepository.swift */,
			);
			path = Repositories;
			sourceTree = "<group>";
		};
		F93118F1E0AE7414CA40B04D /* Pods */ = {
			isa = PBXGroup;
			children = (
				33994F00AA90EF6455A4DAC3 /* Pods-DataLayer.debug.xcconfig */,
				B41CDF069DCB416BB7381EE4 /* Pods-DataLayer.release.xcconfig */,
			);
			name = Pods;
			path = ../Pods;
			sourceTree = "<group>";
		};
/* End PBXGroup section */

/* Begin PBXHeadersBuildPhase section */
		B1F3D8342221B6F900E564A1 /* Headers */ = {
			isa = PBXHeadersBuildPhase;
			buildActionMask = 2147483647;
			files = (
				B1F3D84A2221B6F900E564A1 /* DataLayer.h in Headers */,
			);
			runOnlyForDeploymentPostprocessing = 0;
		};
/* End PBXHeadersBuildPhase section */

/* Begin PBXNativeTarget section */
		B1F3D8382221B6F900E564A1 /* DataLayer */ = {
			isa = PBXNativeTarget;
			buildConfigurationList = B1F3D84D2221B6F900E564A1 /* Build configuration list for PBXNativeTarget "DataLayer" */;
			buildPhases = (
				7F9CBEB258E2FCA12A42BC74 /* [CP] Check Pods Manifest.lock */,
				B1F3D8342221B6F900E564A1 /* Headers */,
				B1F3D8352221B6F900E564A1 /* Sources */,
				B1F3D8362221B6F900E564A1 /* Frameworks */,
				B1F3D8372221B6F900E564A1 /* Resources */,
			);
			buildRules = (
			);
			dependencies = (
			);
			name = DataLayer;
			productName = DataLayer;
			productReference = B1F3D8392221B6F900E564A1 /* DataLayer.framework */;
			productType = "com.apple.product-type.framework";
		};
		B1F3D8412221B6F900E564A1 /* DataLayerTests */ = {
			isa = PBXNativeTarget;
			buildConfigurationList = B1F3D8502221B6F900E564A1 /* Build configuration list for PBXNativeTarget "DataLayerTests" */;
			buildPhases = (
				B1F3D83E2221B6F900E564A1 /* Sources */,
				B1F3D83F2221B6F900E564A1 /* Frameworks */,
				B1F3D8402221B6F900E564A1 /* Resources */,
			);
			buildRules = (
			);
			dependencies = (
				B1F3D8452221B6F900E564A1 /* PBXTargetDependency */,
			);
			name = DataLayerTests;
			productName = DataLayerTests;
			productReference = B1F3D8422221B6F900E564A1 /* DataLayerTests.xctest */;
			productType = "com.apple.product-type.bundle.unit-test";
		};
/* End PBXNativeTarget section */

/* Begin PBXProject section */
		B1F3D8302221B6F900E564A1 /* Project object */ = {
			isa = PBXProject;
			attributes = {
				LastSwiftUpdateCheck = 1010;
				LastUpgradeCheck = 1010;
				ORGANIZATIONNAME = "Condor Labs";
				TargetAttributes = {
					B1F3D8382221B6F900E564A1 = {
						CreatedOnToolsVersion = 10.1;
						LastSwiftMigration = 1010;
					};
					B1F3D8412221B6F900E564A1 = {
						CreatedOnToolsVersion = 10.1;
					};
				};
			};
			buildConfigurationList = B1F3D8332221B6F900E564A1 /* Build configuration list for PBXProject "DataLayer" */;
			compatibilityVersion = "Xcode 9.3";
			developmentRegion = en;
			hasScannedForEncodings = 0;
			knownRegions = (
				en,
			);
			mainGroup = B1F3D82F2221B6F900E564A1;
			productRefGroup = B1F3D83A2221B6F900E564A1 /* Products */;
			projectDirPath = "";
			projectRoot = "";
			targets = (
				B1F3D8382221B6F900E564A1 /* DataLayer */,
				B1F3D8412221B6F900E564A1 /* DataLayerTests */,
			);
		};
/* End PBXProject section */

/* Begin PBXResourcesBuildPhase section */
		B1F3D8372221B6F900E564A1 /* Resources */ = {
			isa = PBXResourcesBuildPhase;
			buildActionMask = 2147483647;
			files = (
			);
			runOnlyForDeploymentPostprocessing = 0;
		};
		B1F3D8402221B6F900E564A1 /* Resources */ = {
			isa = PBXResourcesBuildPhase;
			buildActionMask = 2147483647;
			files = (
			);
			runOnlyForDeploymentPostprocessing = 0;
		};
/* End PBXResourcesBuildPhase section */

/* Begin PBXShellScriptBuildPhase section */
		7F9CBEB258E2FCA12A42BC74 /* [CP] Check Pods Manifest.lock */ = {
			isa = PBXShellScriptBuildPhase;
			buildActionMask = 2147483647;
			files = (
			);
			inputFileListPaths = (
			);
			inputPaths = (
				"${PODS_PODFILE_DIR_PATH}/Podfile.lock",
				"${PODS_ROOT}/Manifest.lock",
			);
			name = "[CP] Check Pods Manifest.lock";
			outputFileListPaths = (
			);
			outputPaths = (
				"$(DERIVED_FILE_DIR)/Pods-DataLayer-checkManifestLockResult.txt",
			);
			runOnlyForDeploymentPostprocessing = 0;
			shellPath = /bin/sh;
			shellScript = "diff \"${PODS_PODFILE_DIR_PATH}/Podfile.lock\" \"${PODS_ROOT}/Manifest.lock\" > /dev/null\nif [ $? != 0 ] ; then\n    # print error to STDERR\n    echo \"error: The sandbox is not in sync with the Podfile.lock. Run 'pod install' or update your CocoaPods installation.\" >&2\n    exit 1\nfi\n# This output is used by Xcode 'outputs' to avoid re-running this script phase.\necho \"SUCCESS\" > \"${SCRIPT_OUTPUT_FILE_0}\"\n";
			showEnvVarsInLog = 0;
		};
/* End PBXShellScriptBuildPhase section */

/* Begin PBXSourcesBuildPhase section */
		B1F3D8352221B6F900E564A1 /* Sources */ = {
			isa = PBXSourcesBuildPhase;
			buildActionMask = 2147483647;
			files = (
				B1F3D8682221BB2C00E564A1 /* MockedHeroesRepository.swift in Sources */,
				9BB341422224299B00D2F98B /* RepositoryModule.swift in Sources */,
			);
			runOnlyForDeploymentPostprocessing = 0;
		};
		B1F3D83E2221B6F900E564A1 /* Sources */ = {
			isa = PBXSourcesBuildPhase;
			buildActionMask = 2147483647;
			files = (
				B1F3D8482221B6F900E564A1 /* DataLayerTests.swift in Sources */,
			);
			runOnlyForDeploymentPostprocessing = 0;
		};
/* End PBXSourcesBuildPhase section */

/* Begin PBXTargetDependency section */
		B1F3D8452221B6F900E564A1 /* PBXTargetDependency */ = {
			isa = PBXTargetDependency;
			target = B1F3D8382221B6F900E564A1 /* DataLayer */;
			targetProxy = B1F3D8442221B6F900E564A1 /* PBXContainerItemProxy */;
		};
/* End PBXTargetDependency section */

/* Begin XCBuildConfiguration section */
		B1F3D84B2221B6F900E564A1 /* Debug */ = {
			isa = XCBuildConfiguration;
			buildSettings = {
				ALWAYS_SEARCH_USER_PATHS = NO;
				CLANG_ANALYZER_NONNULL = YES;
				CLANG_ANALYZER_NUMBER_OBJECT_CONVERSION = YES_AGGRESSIVE;
				CLANG_CXX_LANGUAGE_STANDARD = "gnu++14";
				CLANG_CXX_LIBRARY = "libc++";
				CLANG_ENABLE_MODULES = YES;
				CLANG_ENABLE_OBJC_ARC = YES;
				CLANG_ENABLE_OBJC_WEAK = YES;
				CLANG_WARN_BLOCK_CAPTURE_AUTORELEASING = YES;
				CLANG_WARN_BOOL_CONVERSION = YES;
				CLANG_WARN_COMMA = YES;
				CLANG_WARN_CONSTANT_CONVERSION = YES;
				CLANG_WARN_DEPRECATED_OBJC_IMPLEMENTATIONS = YES;
				CLANG_WARN_DIRECT_OBJC_ISA_USAGE = YES_ERROR;
				CLANG_WARN_DOCUMENTATION_COMMENTS = YES;
				CLANG_WARN_EMPTY_BODY = YES;
				CLANG_WARN_ENUM_CONVERSION = YES;
				CLANG_WARN_INFINITE_RECURSION = YES;
				CLANG_WARN_INT_CONVERSION = YES;
				CLANG_WARN_NON_LITERAL_NULL_CONVERSION = YES;
				CLANG_WARN_OBJC_IMPLICIT_RETAIN_SELF = YES;
				CLANG_WARN_OBJC_LITERAL_CONVERSION = YES;
				CLANG_WARN_OBJC_ROOT_CLASS = YES_ERROR;
				CLANG_WARN_RANGE_LOOP_ANALYSIS = YES;
				CLANG_WARN_STRICT_PROTOTYPES = YES;
				CLANG_WARN_SUSPICIOUS_MOVE = YES;
				CLANG_WARN_UNGUARDED_AVAILABILITY = YES_AGGRESSIVE;
				CLANG_WARN_UNREACHABLE_CODE = YES;
				CLANG_WARN__DUPLICATE_METHOD_MATCH = YES;
				CODE_SIGN_IDENTITY = "iPhone Developer";
				COPY_PHASE_STRIP = NO;
				CURRENT_PROJECT_VERSION = 1;
				DEBUG_INFORMATION_FORMAT = dwarf;
				ENABLE_STRICT_OBJC_MSGSEND = YES;
				ENABLE_TESTABILITY = YES;
				GCC_C_LANGUAGE_STANDARD = gnu11;
				GCC_DYNAMIC_NO_PIC = NO;
				GCC_NO_COMMON_BLOCKS = YES;
				GCC_OPTIMIZATION_LEVEL = 0;
				GCC_PREPROCESSOR_DEFINITIONS = (
					"DEBUG=1",
					"$(inherited)",
				);
				GCC_WARN_64_TO_32_BIT_CONVERSION = YES;
				GCC_WARN_ABOUT_RETURN_TYPE = YES_ERROR;
				GCC_WARN_UNDECLARED_SELECTOR = YES;
				GCC_WARN_UNINITIALIZED_AUTOS = YES_AGGRESSIVE;
				GCC_WARN_UNUSED_FUNCTION = YES;
				GCC_WARN_UNUSED_VARIABLE = YES;
				IPHONEOS_DEPLOYMENT_TARGET = 12.1;
				MTL_ENABLE_DEBUG_INFO = INCLUDE_SOURCE;
				MTL_FAST_MATH = YES;
				ONLY_ACTIVE_ARCH = YES;
				SDKROOT = iphoneos;
				SWIFT_ACTIVE_COMPILATION_CONDITIONS = DEBUG;
				SWIFT_OPTIMIZATION_LEVEL = "-Onone";
				VERSIONING_SYSTEM = "apple-generic";
				VERSION_INFO_PREFIX = "";
			};
			name = Debug;
		};
		B1F3D84C2221B6F900E564A1 /* Release */ = {
			isa = XCBuildConfiguration;
			buildSettings = {
				ALWAYS_SEARCH_USER_PATHS = NO;
				CLANG_ANALYZER_NONNULL = YES;
				CLANG_ANALYZER_NUMBER_OBJECT_CONVERSION = YES_AGGRESSIVE;
				CLANG_CXX_LANGUAGE_STANDARD = "gnu++14";
				CLANG_CXX_LIBRARY = "libc++";
				CLANG_ENABLE_MODULES = YES;
				CLANG_ENABLE_OBJC_ARC = YES;
				CLANG_ENABLE_OBJC_WEAK = YES;
				CLANG_WARN_BLOCK_CAPTURE_AUTORELEASING = YES;
				CLANG_WARN_BOOL_CONVERSION = YES;
				CLANG_WARN_COMMA = YES;
				CLANG_WARN_CONSTANT_CONVERSION = YES;
				CLANG_WARN_DEPRECATED_OBJC_IMPLEMENTATIONS = YES;
				CLANG_WARN_DIRECT_OBJC_ISA_USAGE = YES_ERROR;
				CLANG_WARN_DOCUMENTATION_COMMENTS = YES;
				CLANG_WARN_EMPTY_BODY = YES;
				CLANG_WARN_ENUM_CONVERSION = YES;
				CLANG_WARN_INFINITE_RECURSION = YES;
				CLANG_WARN_INT_CONVERSION = YES;
				CLANG_WARN_NON_LITERAL_NULL_CONVERSION = YES;
				CLANG_WARN_OBJC_IMPLICIT_RETAIN_SELF = YES;
				CLANG_WARN_OBJC_LITERAL_CONVERSION = YES;
				CLANG_WARN_OBJC_ROOT_CLASS = YES_ERROR;
				CLANG_WARN_RANGE_LOOP_ANALYSIS = YES;
				CLANG_WARN_STRICT_PROTOTYPES = YES;
				CLANG_WARN_SUSPICIOUS_MOVE = YES;
				CLANG_WARN_UNGUARDED_AVAILABILITY = YES_AGGRESSIVE;
				CLANG_WARN_UNREACHABLE_CODE = YES;
				CLANG_WARN__DUPLICATE_METHOD_MATCH = YES;
				CODE_SIGN_IDENTITY = "iPhone Developer";
				COPY_PHASE_STRIP = NO;
				CURRENT_PROJECT_VERSION = 1;
				DEBUG_INFORMATION_FORMAT = "dwarf-with-dsym";
				ENABLE_NS_ASSERTIONS = NO;
				ENABLE_STRICT_OBJC_MSGSEND = YES;
				GCC_C_LANGUAGE_STANDARD = gnu11;
				GCC_NO_COMMON_BLOCKS = YES;
				GCC_WARN_64_TO_32_BIT_CONVERSION = YES;
				GCC_WARN_ABOUT_RETURN_TYPE = YES_ERROR;
				GCC_WARN_UNDECLARED_SELECTOR = YES;
				GCC_WARN_UNINITIALIZED_AUTOS = YES_AGGRESSIVE;
				GCC_WARN_UNUSED_FUNCTION = YES;
				GCC_WARN_UNUSED_VARIABLE = YES;
				IPHONEOS_DEPLOYMENT_TARGET = 12.1;
				MTL_ENABLE_DEBUG_INFO = NO;
				MTL_FAST_MATH = YES;
				SDKROOT = iphoneos;
				SWIFT_COMPILATION_MODE = wholemodule;
				SWIFT_OPTIMIZATION_LEVEL = "-O";
				VALIDATE_PRODUCT = YES;
				VERSIONING_SYSTEM = "apple-generic";
				VERSION_INFO_PREFIX = "";
			};
			name = Release;
		};
		B1F3D84E2221B6F900E564A1 /* Debug */ = {
			isa = XCBuildConfiguration;
			baseConfigurationReference = 33994F00AA90EF6455A4DAC3 /* Pods-DataLayer.debug.xcconfig */;
			buildSettings = {
				CLANG_ENABLE_MODULES = YES;
				CODE_SIGN_IDENTITY = "";
				CODE_SIGN_STYLE = Automatic;
				DEFINES_MODULE = YES;
				DEVELOPMENT_TEAM = 2FXVLDPZKV;
				DYLIB_COMPATIBILITY_VERSION = 1;
				DYLIB_CURRENT_VERSION = 1;
				DYLIB_INSTALL_NAME_BASE = "@rpath";
				INFOPLIST_FILE = DataLayer/Info.plist;
				INSTALL_PATH = "$(LOCAL_LIBRARY_DIR)/Frameworks";
				LD_RUNPATH_SEARCH_PATHS = (
					"$(inherited)",
					"@executable_path/Frameworks",
					"@loader_path/Frameworks",
				);
				PRODUCT_BUNDLE_IDENTIFIER = io.condorlabs.DataLayer;
				PRODUCT_NAME = "$(TARGET_NAME:c99extidentifier)";
				SKIP_INSTALL = YES;
				SWIFT_OPTIMIZATION_LEVEL = "-Onone";
				SWIFT_VERSION = 4.2;
				TARGETED_DEVICE_FAMILY = "1,2";
			};
			name = Debug;
		};
		B1F3D84F2221B6F900E564A1 /* Release */ = {
			isa = XCBuildConfiguration;
			baseConfigurationReference = B41CDF069DCB416BB7381EE4 /* Pods-DataLayer.release.xcconfig */;
			buildSettings = {
				CLANG_ENABLE_MODULES = YES;
				CODE_SIGN_IDENTITY = "";
				CODE_SIGN_STYLE = Automatic;
				DEFINES_MODULE = YES;
				DEVELOPMENT_TEAM = 2FXVLDPZKV;
				DYLIB_COMPATIBILITY_VERSION = 1;
				DYLIB_CURRENT_VERSION = 1;
				DYLIB_INSTALL_NAME_BASE = "@rpath";
				INFOPLIST_FILE = DataLayer/Info.plist;
				INSTALL_PATH = "$(LOCAL_LIBRARY_DIR)/Frameworks";
				LD_RUNPATH_SEARCH_PATHS = (
					"$(inherited)",
					"@executable_path/Frameworks",
					"@loader_path/Frameworks",
				);
				PRODUCT_BUNDLE_IDENTIFIER = io.condorlabs.DataLayer;
				PRODUCT_NAME = "$(TARGET_NAME:c99extidentifier)";
				SKIP_INSTALL = YES;
				SWIFT_VERSION = 4.2;
				TARGETED_DEVICE_FAMILY = "1,2";
			};
			name = Release;
		};
		B1F3D8512221B6F900E564A1 /* Debug */ = {
			isa = XCBuildConfiguration;
			buildSettings = {
				ALWAYS_EMBED_SWIFT_STANDARD_LIBRARIES = YES;
				CODE_SIGN_STYLE = Automatic;
				DEVELOPMENT_TEAM = 2FXVLDPZKV;
				INFOPLIST_FILE = DataLayerTests/Info.plist;
				LD_RUNPATH_SEARCH_PATHS = (
					"$(inherited)",
					"@executable_path/Frameworks",
					"@loader_path/Frameworks",
				);
				PRODUCT_BUNDLE_IDENTIFIER = io.condorlabs.DataLayerTests;
				PRODUCT_NAME = "$(TARGET_NAME)";
				SWIFT_VERSION = 4.2;
				TARGETED_DEVICE_FAMILY = "1,2";
			};
			name = Debug;
		};
		B1F3D8522221B6F900E564A1 /* Release */ = {
			isa = XCBuildConfiguration;
			buildSettings = {
				ALWAYS_EMBED_SWIFT_STANDARD_LIBRARIES = YES;
				CODE_SIGN_STYLE = Automatic;
				DEVELOPMENT_TEAM = 2FXVLDPZKV;
				INFOPLIST_FILE = DataLayerTests/Info.plist;
				LD_RUNPATH_SEARCH_PATHS = (
					"$(inherited)",
					"@executable_path/Frameworks",
					"@loader_path/Frameworks",
				);
				PRODUCT_BUNDLE_IDENTIFIER = io.condorlabs.DataLayerTests;
				PRODUCT_NAME = "$(TARGET_NAME)";
				SWIFT_VERSION = 4.2;
				TARGETED_DEVICE_FAMILY = "1,2";
			};
			name = Release;
		};
/* End XCBuildConfiguration section */

/* Begin XCConfigurationList section */
		B1F3D8332221B6F900E564A1 /* Build configuration list for PBXProject "DataLayer" */ = {
			isa = XCConfigurationList;
			buildConfigurations = (
				B1F3D84B2221B6F900E564A1 /* Debug */,
				B1F3D84C2221B6F900E564A1 /* Release */,
			);
			defaultConfigurationIsVisible = 0;
			defaultConfigurationName = Release;
		};
		B1F3D84D2221B6F900E564A1 /* Build configuration list for PBXNativeTarget "DataLayer" */ = {
			isa = XCConfigurationList;
			buildConfigurations = (
				B1F3D84E2221B6F900E564A1 /* Debug */,
				B1F3D84F2221B6F900E564A1 /* Release */,
			);
			defaultConfigurationIsVisible = 0;
			defaultConfigurationName = Release;
		};
		B1F3D8502221B6F900E564A1 /* Build configuration list for PBXNativeTarget "DataLayerTests" */ = {
			isa = XCConfigurationList;
			buildConfigurations = (
				B1F3D8512221B6F900E564A1 /* Debug */,
				B1F3D8522221B6F900E564A1 /* Release */,
			);
			defaultConfigurationIsVisible = 0;
			defaultConfigurationName = Release;
		};
/* End XCConfigurationList section */
	};
	rootObject = B1F3D8302221B6F900E564A1 /* Project object */;
}
