// !$*UTF8*$!
{
	archiveVersion = 1;
	classes = {
	};
	objectVersion = 50;
	objects = {

/* Begin PBXBuildFile section */
		B151B9BB222389460060F7E9 /* ExampleContract.swift in Sources */ = {isa = PBXBuildFile; fileRef = B151B9BA222389460060F7E9 /* ExampleContract.swift */; };
		B1F3D7BF2221B1E500E564A1 /* AppDelegate.swift in Sources */ = {isa = PBXBuildFile; fileRef = B1F3D7BE2221B1E500E564A1 /* AppDelegate.swift */; };
		B1F3D7C12221B1E500E564A1 /* ExampleViewController.swift in Sources */ = {isa = PBXBuildFile; fileRef = B1F3D7C02221B1E500E564A1 /* ExampleViewController.swift */; };
		B1F3D7C42221B1E500E564A1 /* Main.storyboard in Resources */ = {isa = PBXBuildFile; fileRef = B1F3D7C22221B1E500E564A1 /* Main.storyboard */; };
		B1F3D7C62221B1E600E564A1 /* Assets.xcassets in Resources */ = {isa = PBXBuildFile; fileRef = B1F3D7C52221B1E600E564A1 /* Assets.xcassets */; };
		B1F3D7C92221B1E600E564A1 /* LaunchScreen.storyboard in Resources */ = {isa = PBXBuildFile; fileRef = B1F3D7C72221B1E600E564A1 /* LaunchScreen.storyboard */; };
		B1F3D7D42221B1E700E564A1 /* CondorArchitectureTests.swift in Sources */ = {isa = PBXBuildFile; fileRef = B1F3D7D32221B1E700E564A1 /* CondorArchitectureTests.swift */; };
		B1F3D8552221B8FC00E564A1 /* DataLayer.framework in Frameworks */ = {isa = PBXBuildFile; fileRef = B1F3D8542221B8FC00E564A1 /* DataLayer.framework */; };
		B1F3D8572221B90000E564A1 /* CoreLayer.framework in Frameworks */ = {isa = PBXBuildFile; fileRef = B1F3D8562221B90000E564A1 /* CoreLayer.framework */; };
		B1F3D85D2221B9C900E564A1 /* ExamplePresenter.swift in Sources */ = {isa = PBXBuildFile; fileRef = B1F3D85C2221B9C900E564A1 /* ExamplePresenter.swift */; };
/* End PBXBuildFile section */

/* Begin PBXContainerItemProxy section */
		B1F3D7D02221B1E700E564A1 /* PBXContainerItemProxy */ = {
			isa = PBXContainerItemProxy;
			containerPortal = B1F3D7B32221B1E500E564A1 /* Project object */;
			proxyType = 1;
			remoteGlobalIDString = B1F3D7BA2221B1E500E564A1;
			remoteInfo = CondorArchitecture;
		};
/* End PBXContainerItemProxy section */

/* Begin PBXFileReference section */
		B151B9BA222389460060F7E9 /* ExampleContract.swift */ = {isa = PBXFileReference; lastKnownFileType = sourcecode.swift; path = ExampleContract.swift; sourceTree = "<group>"; };
		B1F3D7BB2221B1E500E564A1 /* CondorArchitecture.app */ = {isa = PBXFileReference; explicitFileType = wrapper.application; includeInIndex = 0; path = CondorArchitecture.app; sourceTree = BUILT_PRODUCTS_DIR; };
		B1F3D7BE2221B1E500E564A1 /* AppDelegate.swift */ = {isa = PBXFileReference; lastKnownFileType = sourcecode.swift; path = AppDelegate.swift; sourceTree = "<group>"; };
		B1F3D7C02221B1E500E564A1 /* ExampleViewController.swift */ = {isa = PBXFileReference; lastKnownFileType = sourcecode.swift; path = ExampleViewController.swift; sourceTree = "<group>"; };
		B1F3D7C32221B1E500E564A1 /* Base */ = {isa = PBXFileReference; lastKnownFileType = file.storyboard; name = Base; path = Base.lproj/Main.storyboard; sourceTree = "<group>"; };
		B1F3D7C52221B1E600E564A1 /* Assets.xcassets */ = {isa = PBXFileReference; lastKnownFileType = folder.assetcatalog; path = Assets.xcassets; sourceTree = "<group>"; };
		B1F3D7C82221B1E600E564A1 /* Base */ = {isa = PBXFileReference; lastKnownFileType = file.storyboard; name = Base; path = Base.lproj/LaunchScreen.storyboard; sourceTree = "<group>"; };
		B1F3D7CA2221B1E600E564A1 /* Info.plist */ = {isa = PBXFileReference; lastKnownFileType = text.plist.xml; path = Info.plist; sourceTree = "<group>"; };
		B1F3D7CF2221B1E700E564A1 /* CondorArchitectureTests.xctest */ = {isa = PBXFileReference; explicitFileType = wrapper.cfbundle; includeInIndex = 0; path = CondorArchitectureTests.xctest; sourceTree = BUILT_PRODUCTS_DIR; };
		B1F3D7D32221B1E700E564A1 /* CondorArchitectureTests.swift */ = {isa = PBXFileReference; lastKnownFileType = sourcecode.swift; path = CondorArchitectureTests.swift; sourceTree = "<group>"; };
		B1F3D7D52221B1E700E564A1 /* Info.plist */ = {isa = PBXFileReference; lastKnownFileType = text.plist.xml; path = Info.plist; sourceTree = "<group>"; };
		B1F3D8542221B8FC00E564A1 /* DataLayer.framework */ = {isa = PBXFileReference; explicitFileType = wrapper.framework; path = DataLayer.framework; sourceTree = BUILT_PRODUCTS_DIR; };
		B1F3D8562221B90000E564A1 /* CoreLayer.framework */ = {isa = PBXFileReference; explicitFileType = wrapper.framework; path = CoreLayer.framework; sourceTree = BUILT_PRODUCTS_DIR; };
		B1F3D85C2221B9C900E564A1 /* ExamplePresenter.swift */ = {isa = PBXFileReference; lastKnownFileType = sourcecode.swift; path = ExamplePresenter.swift; sourceTree = "<group>"; };
/* End PBXFileReference section */

/* Begin PBXFrameworksBuildPhase section */
		B1F3D7B82221B1E500E564A1 /* Frameworks */ = {
			isa = PBXFrameworksBuildPhase;
			buildActionMask = 2147483647;
			files = (
				B1F3D8572221B90000E564A1 /* CoreLayer.framework in Frameworks */,
				B1F3D8552221B8FC00E564A1 /* DataLayer.framework in Frameworks */,
			);
			runOnlyForDeploymentPostprocessing = 0;
		};
		B1F3D7CC2221B1E700E564A1 /* Frameworks */ = {
			isa = PBXFrameworksBuildPhase;
			buildActionMask = 2147483647;
			files = (
			);
			runOnlyForDeploymentPostprocessing = 0;
		};
/* End PBXFrameworksBuildPhase section */

/* Begin PBXGroup section */
		B1F3D7B22221B1E500E564A1 = {
			isa = PBXGroup;
			children = (
				B1F3D7BD2221B1E500E564A1 /* CondorArchitecture */,
				B1F3D7D22221B1E700E564A1 /* CondorArchitectureTests */,
				B1F3D7BC2221B1E500E564A1 /* Products */,
				B1F3D8532221B8FC00E564A1 /* Frameworks */,
			);
			sourceTree = "<group>";
		};
		B1F3D7BC2221B1E500E564A1 /* Products */ = {
			isa = PBXGroup;
			children = (
				B1F3D7BB2221B1E500E564A1 /* CondorArchitecture.app */,
				B1F3D7CF2221B1E700E564A1 /* CondorArchitectureTests.xctest */,
			);
			name = Products;
			sourceTree = "<group>";
		};
		B1F3D7BD2221B1E500E564A1 /* CondorArchitecture */ = {
			isa = PBXGroup;
			children = (
				B1F3D85B2221B9AE00E564A1 /* Example */,
				B1F3D7BE2221B1E500E564A1 /* AppDelegate.swift */,
				B1F3D7C22221B1E500E564A1 /* Main.storyboard */,
				B1F3D7C52221B1E600E564A1 /* Assets.xcassets */,
				B1F3D7C72221B1E600E564A1 /* LaunchScreen.storyboard */,
				B1F3D7CA2221B1E600E564A1 /* Info.plist */,
			);
			path = CondorArchitecture;
			sourceTree = "<group>";
		};
		B1F3D7D22221B1E700E564A1 /* CondorArchitectureTests */ = {
			isa = PBXGroup;
			children = (
				B1F3D7D32221B1E700E564A1 /* CondorArchitectureTests.swift */,
				B1F3D7D52221B1E700E564A1 /* Info.plist */,
			);
			path = CondorArchitectureTests;
			sourceTree = "<group>";
		};
		B1F3D8532221B8FC00E564A1 /* Frameworks */ = {
			isa = PBXGroup;
			children = (
				B1F3D8562221B90000E564A1 /* CoreLayer.framework */,
				B1F3D8542221B8FC00E564A1 /* DataLayer.framework */,
			);
			name = Frameworks;
			sourceTree = "<group>";
		};
		B1F3D85B2221B9AE00E564A1 /* Example */ = {
			isa = PBXGroup;
			children = (
				B1F3D7C02221B1E500E564A1 /* ExampleViewController.swift */,
				B1F3D85C2221B9C900E564A1 /* ExamplePresenter.swift */,
				B151B9BA222389460060F7E9 /* ExampleContract.swift */,
			);
			path = Example;
			sourceTree = "<group>";
		};
/* End PBXGroup section */

/* Begin PBXNativeTarget section */
		B1F3D7BA2221B1E500E564A1 /* CondorArchitecture */ = {
			isa = PBXNativeTarget;
			buildConfigurationList = B1F3D7D82221B1E700E564A1 /* Build configuration list for PBXNativeTarget "CondorArchitecture" */;
			buildPhases = (
				B1F3D7B72221B1E500E564A1 /* Sources */,
				B1F3D7B82221B1E500E564A1 /* Frameworks */,
				B1F3D7B92221B1E500E564A1 /* Resources */,
			);
			buildRules = (
			);
			dependencies = (
			);
			name = CondorArchitecture;
			productName = CondorArchitecture;
			productReference = B1F3D7BB2221B1E500E564A1 /* CondorArchitecture.app */;
			productType = "com.apple.product-type.application";
		};
		B1F3D7CE2221B1E700E564A1 /* CondorArchitectureTests */ = {
			isa = PBXNativeTarget;
			buildConfigurationList = B1F3D7DB2221B1E700E564A1 /* Build configuration list for PBXNativeTarget "CondorArchitectureTests" */;
			buildPhases = (
				B1F3D7CB2221B1E700E564A1 /* Sources */,
				B1F3D7CC2221B1E700E564A1 /* Frameworks */,
				B1F3D7CD2221B1E700E564A1 /* Resources */,
			);
			buildRules = (
			);
			dependencies = (
				B1F3D7D12221B1E700E564A1 /* PBXTargetDependency */,
			);
			name = CondorArchitectureTests;
			productName = CondorArchitectureTests;
			productReference = B1F3D7CF2221B1E700E564A1 /* CondorArchitectureTests.xctest */;
			productType = "com.apple.product-type.bundle.unit-test";
		};
/* End PBXNativeTarget section */

/* Begin PBXProject section */
		B1F3D7B32221B1E500E564A1 /* Project object */ = {
			isa = PBXProject;
			attributes = {
				LastSwiftUpdateCheck = 1010;
				LastUpgradeCheck = 1010;
				ORGANIZATIONNAME = "Condor Labs";
				TargetAttributes = {
					B1F3D7BA2221B1E500E564A1 = {
						CreatedOnToolsVersion = 10.1;
					};
					B1F3D7CE2221B1E700E564A1 = {
						CreatedOnToolsVersion = 10.1;
						TestTargetID = B1F3D7BA2221B1E500E564A1;
					};
				};
			};
			buildConfigurationList = B1F3D7B62221B1E500E564A1 /* Build configuration list for PBXProject "CondorArchitecture" */;
			compatibilityVersion = "Xcode 9.3";
			developmentRegion = en;
			hasScannedForEncodings = 0;
			knownRegions = (
				en,
				Base,
			);
			mainGroup = B1F3D7B22221B1E500E564A1;
			productRefGroup = B1F3D7BC2221B1E500E564A1 /* Products */;
			projectDirPath = "";
			projectRoot = "";
			targets = (
				B1F3D7BA2221B1E500E564A1 /* CondorArchitecture */,
				B1F3D7CE2221B1E700E564A1 /* CondorArchitectureTests */,
			);
		};
/* End PBXProject section */

/* Begin PBXResourcesBuildPhase section */
		B1F3D7B92221B1E500E564A1 /* Resources */ = {
			isa = PBXResourcesBuildPhase;
			buildActionMask = 2147483647;
			files = (
				B1F3D7C92221B1E600E564A1 /* LaunchScreen.storyboard in Resources */,
				B1F3D7C62221B1E600E564A1 /* Assets.xcassets in Resources */,
				B1F3D7C42221B1E500E564A1 /* Main.storyboard in Resources */,
			);
			runOnlyForDeploymentPostprocessing = 0;
		};
		B1F3D7CD2221B1E700E564A1 /* Resources */ = {
			isa = PBXResourcesBuildPhase;
			buildActionMask = 2147483647;
			files = (
			);
			runOnlyForDeploymentPostprocessing = 0;
		};
/* End PBXResourcesBuildPhase section */

/* Begin PBXSourcesBuildPhase section */
		B1F3D7B72221B1E500E564A1 /* Sources */ = {
			isa = PBXSourcesBuildPhase;
			buildActionMask = 2147483647;
			files = (
				B1F3D7C12221B1E500E564A1 /* ExampleViewController.swift in Sources */,
				B1F3D85D2221B9C900E564A1 /* ExamplePresenter.swift in Sources */,
				B151B9BB222389460060F7E9 /* ExampleContract.swift in Sources */,
				B1F3D7BF2221B1E500E564A1 /* AppDelegate.swift in Sources */,
			);
			runOnlyForDeploymentPostprocessing = 0;
		};
		B1F3D7CB2221B1E700E564A1 /* Sources */ = {
			isa = PBXSourcesBuildPhase;
			buildActionMask = 2147483647;
			files = (
				B1F3D7D42221B1E700E564A1 /* CondorArchitectureTests.swift in Sources */,
			);
			runOnlyForDeploymentPostprocessing = 0;
		};
/* End PBXSourcesBuildPhase section */

/* Begin PBXTargetDependency section */
		B1F3D7D12221B1E700E564A1 /* PBXTargetDependency */ = {
			isa = PBXTargetDependency;
			target = B1F3D7BA2221B1E500E564A1 /* CondorArchitecture */;
			targetProxy = B1F3D7D02221B1E700E564A1 /* PBXContainerItemProxy */;
		};
/* End PBXTargetDependency section */

/* Begin PBXVariantGroup section */
		B1F3D7C22221B1E500E564A1 /* Main.storyboard */ = {
			isa = PBXVariantGroup;
			children = (
				B1F3D7C32221B1E500E564A1 /* Base */,
			);
			name = Main.storyboard;
			sourceTree = "<group>";
		};
		B1F3D7C72221B1E600E564A1 /* LaunchScreen.storyboard */ = {
			isa = PBXVariantGroup;
			children = (
				B1F3D7C82221B1E600E564A1 /* Base */,
			);
			name = LaunchScreen.storyboard;
			sourceTree = "<group>";
		};
/* End PBXVariantGroup section */

/* Begin XCBuildConfiguration section */
		B1F3D7D62221B1E700E564A1 /* Debug */ = {
			isa = XCBuildConfiguration;
			buildSettings = {
				ALWAYS_SEARCH_USER_PATHS = NO;
				CLANG_ANALYZER_NONNULL = YES;
				CLANG_ANALYZER_NUMBER_OBJECT_CONVERSION = YES_AGGRESSIVE;
				CLANG_CXX_LANGUAGE_STANDARD = "gnu++14";
				CLANG_CXX_LIBRARY = "libc++";
				CLANG_ENABLE_MODULES = YES;
				CLANG_ENABLE_OBJC_ARC = YES;
				CLANG_ENABLE_OBJC_WEAK = YES;
				CLANG_WARN_BLOCK_CAPTURE_AUTORELEASING = YES;
				CLANG_WARN_BOOL_CONVERSION = YES;
				CLANG_WARN_COMMA = YES;
				CLANG_WARN_CONSTANT_CONVERSION = YES;
				CLANG_WARN_DEPRECATED_OBJC_IMPLEMENTATIONS = YES;
				CLANG_WARN_DIRECT_OBJC_ISA_USAGE = YES_ERROR;
				CLANG_WARN_DOCUMENTATION_COMMENTS = YES;
				CLANG_WARN_EMPTY_BODY = YES;
				CLANG_WARN_ENUM_CONVERSION = YES;
				CLANG_WARN_INFINITE_RECURSION = YES;
				CLANG_WARN_INT_CONVERSION = YES;
				CLANG_WARN_NON_LITERAL_NULL_CONVERSION = YES;
				CLANG_WARN_OBJC_IMPLICIT_RETAIN_SELF = YES;
				CLANG_WARN_OBJC_LITERAL_CONVERSION = YES;
				CLANG_WARN_OBJC_ROOT_CLASS = YES_ERROR;
				CLANG_WARN_RANGE_LOOP_ANALYSIS = YES;
				CLANG_WARN_STRICT_PROTOTYPES = YES;
				CLANG_WARN_SUSPICIOUS_MOVE = YES;
				CLANG_WARN_UNGUARDED_AVAILABILITY = YES_AGGRESSIVE;
				CLANG_WARN_UNREACHABLE_CODE = YES;
				CLANG_WARN__DUPLICATE_METHOD_MATCH = YES;
				CODE_SIGN_IDENTITY = "iPhone Developer";
				COPY_PHASE_STRIP = NO;
				DEBUG_INFORMATION_FORMAT = dwarf;
				ENABLE_STRICT_OBJC_MSGSEND = YES;
				ENABLE_TESTABILITY = YES;
				GCC_C_LANGUAGE_STANDARD = gnu11;
				GCC_DYNAMIC_NO_PIC = NO;
				GCC_NO_COMMON_BLOCKS = YES;
				GCC_OPTIMIZATION_LEVEL = 0;
				GCC_PREPROCESSOR_DEFINITIONS = (
					"DEBUG=1",
					"$(inherited)",
				);
				GCC_WARN_64_TO_32_BIT_CONVERSION = YES;
				GCC_WARN_ABOUT_RETURN_TYPE = YES_ERROR;
				GCC_WARN_UNDECLARED_SELECTOR = YES;
				GCC_WARN_UNINITIALIZED_AUTOS = YES_AGGRESSIVE;
				GCC_WARN_UNUSED_FUNCTION = YES;
				GCC_WARN_UNUSED_VARIABLE = YES;
				IPHONEOS_DEPLOYMENT_TARGET = 12.1;
				MTL_ENABLE_DEBUG_INFO = INCLUDE_SOURCE;
				MTL_FAST_MATH = YES;
				ONLY_ACTIVE_ARCH = YES;
				SDKROOT = iphoneos;
				SWIFT_ACTIVE_COMPILATION_CONDITIONS = DEBUG;
				SWIFT_OPTIMIZATION_LEVEL = "-Onone";
			};
			name = Debug;
		};
		B1F3D7D72221B1E700E564A1 /* Release */ = {
			isa = XCBuildConfiguration;
			buildSettings = {
				ALWAYS_SEARCH_USER_PATHS = NO;
				CLANG_ANALYZER_NONNULL = YES;
				CLANG_ANALYZER_NUMBER_OBJECT_CONVERSION = YES_AGGRESSIVE;
				CLANG_CXX_LANGUAGE_STANDARD = "gnu++14";
				CLANG_CXX_LIBRARY = "libc++";
				CLANG_ENABLE_MODULES = YES;
				CLANG_ENABLE_OBJC_ARC = YES;
				CLANG_ENABLE_OBJC_WEAK = YES;
				CLANG_WARN_BLOCK_CAPTURE_AUTORELEASING = YES;
				CLANG_WARN_BOOL_CONVERSION = YES;
				CLANG_WARN_COMMA = YES;
				CLANG_WARN_CONSTANT_CONVERSION = YES;
				CLANG_WARN_DEPRECATED_OBJC_IMPLEMENTATIONS = YES;
				CLANG_WARN_DIRECT_OBJC_ISA_USAGE = YES_ERROR;
				CLANG_WARN_DOCUMENTATION_COMMENTS = YES;
				CLANG_WARN_EMPTY_BODY = YES;
				CLANG_WARN_ENUM_CONVERSION = YES;
				CLANG_WARN_INFINITE_RECURSION = YES;
				CLANG_WARN_INT_CONVERSION = YES;
				CLANG_WARN_NON_LITERAL_NULL_CONVERSION = YES;
				CLANG_WARN_OBJC_IMPLICIT_RETAIN_SELF = YES;
				CLANG_WARN_OBJC_LITERAL_CONVERSION = YES;
				CLANG_WARN_OBJC_ROOT_CLASS = YES_ERROR;
				CLANG_WARN_RANGE_LOOP_ANALYSIS = YES;
				CLANG_WARN_STRICT_PROTOTYPES = YES;
				CLANG_WARN_SUSPICIOUS_MOVE = YES;
				CLANG_WARN_UNGUARDED_AVAILABILITY = YES_AGGRESSIVE;
				CLANG_WARN_UNREACHABLE_CODE = YES;
				CLANG_WARN__DUPLICATE_METHOD_MATCH = YES;
				CODE_SIGN_IDENTITY = "iPhone Developer";
				COPY_PHASE_STRIP = NO;
				DEBUG_INFORMATION_FORMAT = "dwarf-with-dsym";
				ENABLE_NS_ASSERTIONS = NO;
				ENABLE_STRICT_OBJC_MSGSEND = YES;
				GCC_C_LANGUAGE_STANDARD = gnu11;
				GCC_NO_COMMON_BLOCKS = YES;
				GCC_WARN_64_TO_32_BIT_CONVERSION = YES;
				GCC_WARN_ABOUT_RETURN_TYPE = YES_ERROR;
				GCC_WARN_UNDECLARED_SELECTOR = YES;
				GCC_WARN_UNINITIALIZED_AUTOS = YES_AGGRESSIVE;
				GCC_WARN_UNUSED_FUNCTION = YES;
				GCC_WARN_UNUSED_VARIABLE = YES;
				IPHONEOS_DEPLOYMENT_TARGET = 12.1;
				MTL_ENABLE_DEBUG_INFO = NO;
				MTL_FAST_MATH = YES;
				SDKROOT = iphoneos;
				SWIFT_COMPILATION_MODE = wholemodule;
				SWIFT_OPTIMIZATION_LEVEL = "-O";
				VALIDATE_PRODUCT = YES;
			};
			name = Release;
		};
		B1F3D7D92221B1E700E564A1 /* Debug */ = {
			isa = XCBuildConfiguration;
			buildSettings = {
				ASSETCATALOG_COMPILER_APPICON_NAME = AppIcon;
				CODE_SIGN_STYLE = Automatic;
				DEVELOPMENT_TEAM = 2FXVLDPZKV;
				INFOPLIST_FILE = CondorArchitecture/Info.plist;
				LD_RUNPATH_SEARCH_PATHS = (
					"$(inherited)",
					"@executable_path/Frameworks",
				);
				PRODUCT_BUNDLE_IDENTIFIER = io.condorlabs.CondorArchitecture;
				PRODUCT_NAME = "$(TARGET_NAME)";
				SWIFT_VERSION = 4.2;
				TARGETED_DEVICE_FAMILY = "1,2";
			};
			name = Debug;
		};
		B1F3D7DA2221B1E700E564A1 /* Release */ = {
			isa = XCBuildConfiguration;
			buildSettings = {
				ASSETCATALOG_COMPILER_APPICON_NAME = AppIcon;
				CODE_SIGN_STYLE = Automatic;
				DEVELOPMENT_TEAM = 2FXVLDPZKV;
				INFOPLIST_FILE = CondorArchitecture/Info.plist;
				LD_RUNPATH_SEARCH_PATHS = (
					"$(inherited)",
					"@executable_path/Frameworks",
				);
				PRODUCT_BUNDLE_IDENTIFIER = io.condorlabs.CondorArchitecture;
				PRODUCT_NAME = "$(TARGET_NAME)";
				SWIFT_VERSION = 4.2;
				TARGETED_DEVICE_FAMILY = "1,2";
			};
			name = Release;
		};
		B1F3D7DC2221B1E700E564A1 /* Debug */ = {
			isa = XCBuildConfiguration;
			buildSettings = {
				ALWAYS_EMBED_SWIFT_STANDARD_LIBRARIES = YES;
				BUNDLE_LOADER = "$(TEST_HOST)";
				CODE_SIGN_STYLE = Automatic;
				DEVELOPMENT_TEAM = 2FXVLDPZKV;
				INFOPLIST_FILE = CondorArchitectureTests/Info.plist;
				LD_RUNPATH_SEARCH_PATHS = (
					"$(inherited)",
					"@executable_path/Frameworks",
					"@loader_path/Frameworks",
				);
				PRODUCT_BUNDLE_IDENTIFIER = io.condorlabs.CondorArchitectureTests;
				PRODUCT_NAME = "$(TARGET_NAME)";
				SWIFT_VERSION = 4.2;
				TARGETED_DEVICE_FAMILY = "1,2";
				TEST_HOST = "$(BUILT_PRODUCTS_DIR)/CondorArchitecture.app/CondorArchitecture";
			};
			name = Debug;
		};
		B1F3D7DD2221B1E700E564A1 /* Release */ = {
			isa = XCBuildConfiguration;
			buildSettings = {
				ALWAYS_EMBED_SWIFT_STANDARD_LIBRARIES = YES;
				BUNDLE_LOADER = "$(TEST_HOST)";
				CODE_SIGN_STYLE = Automatic;
				DEVELOPMENT_TEAM = 2FXVLDPZKV;
				INFOPLIST_FILE = CondorArchitectureTests/Info.plist;
				LD_RUNPATH_SEARCH_PATHS = (
					"$(inherited)",
					"@executable_path/Frameworks",
					"@loader_path/Frameworks",
				);
				PRODUCT_BUNDLE_IDENTIFIER = io.condorlabs.CondorArchitectureTests;
				PRODUCT_NAME = "$(TARGET_NAME)";
				SWIFT_VERSION = 4.2;
				TARGETED_DEVICE_FAMILY = "1,2";
				TEST_HOST = "$(BUILT_PRODUCTS_DIR)/CondorArchitecture.app/CondorArchitecture";
			};
			name = Release;
		};
/* End XCBuildConfiguration section */

/* Begin XCConfigurationList section */
		B1F3D7B62221B1E500E564A1 /* Build configuration list for PBXProject "CondorArchitecture" */ = {
			isa = XCConfigurationList;
			buildConfigurations = (
				B1F3D7D62221B1E700E564A1 /* Debug */,
				B1F3D7D72221B1E700E564A1 /* Release */,
			);
			defaultConfigurationIsVisible = 0;
			defaultConfigurationName = Release;
		};
		B1F3D7D82221B1E700E564A1 /* Build configuration list for PBXNativeTarget "CondorArchitecture" */ = {
			isa = XCConfigurationList;
			buildConfigurations = (
				B1F3D7D92221B1E700E564A1 /* Debug */,
				B1F3D7DA2221B1E700E564A1 /* Release */,
			);
			defaultConfigurationIsVisible = 0;
			defaultConfigurationName = Release;
		};
		B1F3D7DB2221B1E700E564A1 /* Build configuration list for PBXNativeTarget "CondorArchitectureTests" */ = {
			isa = XCConfigurationList;
			buildConfigurations = (
				B1F3D7DC2221B1E700E564A1 /* Debug */,
				B1F3D7DD2221B1E700E564A1 /* Release */,
			);
			defaultConfigurationIsVisible = 0;
			defaultConfigurationName = Release;
		};
/* End XCConfigurationList section */
	};
	rootObject = B1F3D7B32221B1E500E564A1 /* Project object */;
}
